
Microsoft Visual Studio Solution File, Format Version 12.00
# Visual Studio 15
VisualStudioVersion = 15.0.28307.168
MinimumVisualStudioVersion = 10.0.40219.1
Project("{FAE04EC0-301F-11D3-BF4B-00C04F79EFBC}") = "DiscordBot", "DiscordBot\DiscordBot.csproj", "{D1BEA01D-899C-42A2-801A-31BF66A381DC}"
EndProject
Global
	GlobalSection(SolutionConfigurationPlatforms) = preSolution
		Debug|Any CPU = Debug|Any CPU
		Release|Any CPU = Release|Any CPU
	EndGlobalSection
	GlobalSection(ProjectConfigurationPlatforms) = postSolution
		{D1BEA01D-899C-42A2-801A-31BF66A381DC}.Debug|Any CPU.ActiveCfg = Debug|Any CPU
		{D1BEA01D-899C-42A2-801A-31BF66A381DC}.Debug|Any CPU.Build.0 = Debug|Any CPU
		{D1BEA01D-899C-42A2-801A-31BF66A381DC}.Release|Any CPU.ActiveCfg = Release|Any CPU
		{D1BEA01D-899C-42A2-801A-31BF66A381DC}.Release|Any CPU.Build.0 = Release|Any CPU
	EndGlobalSection
	GlobalSection(SolutionProperties) = preSolution
		HideSolutionNode = FALSE
	EndGlobalSection
	GlobalSection(ExtensibilityGlobals) = postSolution
		SolutionGuid = {71459564-8E5C-4C0B-B569-46FA68AE2D5B}
	EndGlobalSection
EndGlobal
